
Microsoft Visual Studio Solution File, Format Version 12.00
# Visual Studio Version 16
VisualStudioVersion = 16.0.31624.102
MinimumVisualStudioVersion = 10.0.40219.1
Project("{FAE04EC0-301F-11D3-BF4B-00C04F79EFBC}") = "2022-02-24-TotoGUI", "2022-02-24-TotoGUI\2022-02-24-TotoGUI.csproj", "{DFA6206E-F6E2-4960-A4B7-B5B4F4939EA0}"
EndProject
Global
	GlobalSection(SolutionConfigurationPlatforms) = preSolution
		Debug|Any CPU = Debug|Any CPU
		Release|Any CPU = Release|Any CPU
	EndGlobalSection
	GlobalSection(ProjectConfigurationPlatforms) = postSolution
		{DFA6206E-F6E2-4960-A4B7-B5B4F4939EA0}.Debug|Any CPU.ActiveCfg = Debug|Any CPU
		{DFA6206E-F6E2-4960-A4B7-B5B4F4939EA0}.Debug|Any CPU.Build.0 = Debug|Any CPU
		{DFA6206E-F6E2-4960-A4B7-B5B4F4939EA0}.Release|Any CPU.ActiveCfg = Release|Any CPU
		{DFA6206E-F6E2-4960-A4B7-B5B4F4939EA0}.Release|Any CPU.Build.0 = Release|Any CPU
	EndGlobalSection
	GlobalSection(SolutionProperties) = preSolution
		HideSolutionNode = FALSE
	EndGlobalSection
	GlobalSection(ExtensibilityGlobals) = postSolution
		SolutionGuid = {BC48AB34-FA87-4FB9-ADD6-CBD095CC85CC}
	EndGlobalSection
EndGlobal
